
Microsoft Visual Studio Solution File, Format Version 12.00
# Visual Studio 15
VisualStudioVersion = 15.0.28307.329
MinimumVisualStudioVersion = 10.0.40219.1
Project("{FAE04EC0-301F-11D3-BF4B-00C04F79EFBC}") = "exercice7javascript", "exercice7javascript\exercice7javascript.csproj", "{53FC9B96-EEDF-4527-B964-A9CB81C3538F}"
EndProject
Global
	GlobalSection(SolutionConfigurationPlatforms) = preSolution
		Debug|Any CPU = Debug|Any CPU
		Release|Any CPU = Release|Any CPU
	EndGlobalSection
	GlobalSection(ProjectConfigurationPlatforms) = postSolution
		{53FC9B96-EEDF-4527-B964-A9CB81C3538F}.Debug|Any CPU.ActiveCfg = Debug|Any CPU
		{53FC9B96-EEDF-4527-B964-A9CB81C3538F}.Debug|Any CPU.Build.0 = Debug|Any CPU
		{53FC9B96-EEDF-4527-B964-A9CB81C3538F}.Release|Any CPU.ActiveCfg = Release|Any CPU
		{53FC9B96-EEDF-4527-B964-A9CB81C3538F}.Release|Any CPU.Build.0 = Release|Any CPU
	EndGlobalSection
	GlobalSection(SolutionProperties) = preSolution
		HideSolutionNode = FALSE
	EndGlobalSection
	GlobalSection(ExtensibilityGlobals) = postSolution
		SolutionGuid = {F180B5EC-6B2B-471B-9BB0-E1502AB1ED69}
	EndGlobalSection
EndGlobal
